
Microsoft Visual Studio Solution File, Format Version 12.00
# Visual Studio Version 17
VisualStudioVersion = 17.4.33110.190
MinimumVisualStudioVersion = 10.0.40219.1
Project("{FAE04EC0-301F-11D3-BF4B-00C04F79EFBC}") = "Lab16", "Lab16\Lab16.csproj", "{A6BA1D50-865C-42BD-96EA-84B16BCB1533}"
EndProject
Project("{FAE04EC0-301F-11D3-BF4B-00C04F79EFBC}") = "Lab16(2)", "Lab16(2)\Lab16(2).csproj", "{ACE2126E-8C04-4B6D-8124-D969B0573420}"
EndProject
Global
	GlobalSection(SolutionConfigurationPlatforms) = preSolution
		Debug|Any CPU = Debug|Any CPU
		Release|Any CPU = Release|Any CPU
	EndGlobalSection
	GlobalSection(ProjectConfigurationPlatforms) = postSolution
		{A6BA1D50-865C-42BD-96EA-84B16BCB1533}.Debug|Any CPU.ActiveCfg = Debug|Any CPU
		{A6BA1D50-865C-42BD-96EA-84B16BCB1533}.Debug|Any CPU.Build.0 = Debug|Any CPU
		{A6BA1D50-865C-42BD-96EA-84B16BCB1533}.Release|Any CPU.ActiveCfg = Release|Any CPU
		{A6BA1D50-865C-42BD-96EA-84B16BCB1533}.Release|Any CPU.Build.0 = Release|Any CPU
		{ACE2126E-8C04-4B6D-8124-D969B0573420}.Debug|Any CPU.ActiveCfg = Debug|Any CPU
		{ACE2126E-8C04-4B6D-8124-D969B0573420}.Debug|Any CPU.Build.0 = Debug|Any CPU
		{ACE2126E-8C04-4B6D-8124-D969B0573420}.Release|Any CPU.ActiveCfg = Release|Any CPU
		{ACE2126E-8C04-4B6D-8124-D969B0573420}.Release|Any CPU.Build.0 = Release|Any CPU
	EndGlobalSection
	GlobalSection(SolutionProperties) = preSolution
		HideSolutionNode = FALSE
	EndGlobalSection
	GlobalSection(ExtensibilityGlobals) = postSolution
		SolutionGuid = {091D716A-F2D7-45ED-9CB3-67A2762B8804}
	EndGlobalSection
EndGlobal
